# THIS IS AN AUTOGENERATED FILE. DO NOT EDIT THIS FILE DIRECTLY.
# yarn lockfile v1


"undefined@^0.1.0":
  "integrity" "sha512-NkvZ+cpfGNrQvaCMPr2DytKuQfUTTUUloyqxhjLIzUm6OIBBgjH0zUIObsDejlvNHXBmXNCEt4IOFE6HB+ourA=="
  "resolved" "https://registry.npmjs.org/undefined/-/undefined-0.1.0.tgz"
  "version" "0.1.0"
